
Microsoft Visual Studio Solution File, Format Version 12.00
# Visual Studio Version 17
VisualStudioVersion = 17.12.35527.113
MinimumVisualStudioVersion = 10.0.40219.1
Project("{2150E333-8FDC-42A3-9474-1A3956D46DE8}") = "src", "src", "{89FBB1BF-E0A7-413B-B651-CD4B2B4ED7F5}"
EndProject
Project("{FAE04EC0-301F-11D3-BF4B-00C04F79EFBC}") = "BlazzorApp", "BlazzorApp\BlazzorApp.csproj", "{BFFBA3EC-947B-4A67-A68F-42E4FB86DC72}"
EndProject
Project("{2150E333-8FDC-42A3-9474-1A3956D46DE8}") = "test", "test", "{8A37C021-9DB5-467E-96CB-31A5E7C2C3E6}"
EndProject
Project("{FAE04EC0-301F-11D3-BF4B-00C04F79EFBC}") = "BlazorTest", "BlazorTest\BlazorTest.csproj", "{2BF28FE0-1D1C-4B4E-86D3-99C05CF27C77}"
EndProject
Project("{2150E333-8FDC-42A3-9474-1A3956D46DE8}") = "Solution Items", "Solution Items", "{F0ADCCA8-F0B3-4F06-9F64-04B927CB7DF3}"
	ProjectSection(SolutionItems) = preProject
		README.md = README.md
	EndProjectSection
EndProject
Global
	GlobalSection(SolutionConfigurationPlatforms) = preSolution
		Debug|Any CPU = Debug|Any CPU
		Release|Any CPU = Release|Any CPU
	EndGlobalSection
	GlobalSection(ProjectConfigurationPlatforms) = postSolution
		{BFFBA3EC-947B-4A67-A68F-42E4FB86DC72}.Debug|Any CPU.ActiveCfg = Debug|Any CPU
		{BFFBA3EC-947B-4A67-A68F-42E4FB86DC72}.Debug|Any CPU.Build.0 = Debug|Any CPU
		{BFFBA3EC-947B-4A67-A68F-42E4FB86DC72}.Release|Any CPU.ActiveCfg = Release|Any CPU
		{BFFBA3EC-947B-4A67-A68F-42E4FB86DC72}.Release|Any CPU.Build.0 = Release|Any CPU
		{2BF28FE0-1D1C-4B4E-86D3-99C05CF27C77}.Debug|Any CPU.ActiveCfg = Debug|Any CPU
		{2BF28FE0-1D1C-4B4E-86D3-99C05CF27C77}.Debug|Any CPU.Build.0 = Debug|Any CPU
		{2BF28FE0-1D1C-4B4E-86D3-99C05CF27C77}.Release|Any CPU.ActiveCfg = Release|Any CPU
		{2BF28FE0-1D1C-4B4E-86D3-99C05CF27C77}.Release|Any CPU.Build.0 = Release|Any CPU
	EndGlobalSection
	GlobalSection(SolutionProperties) = preSolution
		HideSolutionNode = FALSE
	EndGlobalSection
	GlobalSection(NestedProjects) = preSolution
		{BFFBA3EC-947B-4A67-A68F-42E4FB86DC72} = {89FBB1BF-E0A7-413B-B651-CD4B2B4ED7F5}
		{2BF28FE0-1D1C-4B4E-86D3-99C05CF27C77} = {8A37C021-9DB5-467E-96CB-31A5E7C2C3E6}
	EndGlobalSection
EndGlobal
